<?xml version="1.0" encoding="utf-8"?>
<Project ToolsVersion="4.0" xmlns="http://schemas.microsoft.com/developer/msbuild/2003">
  <ItemGroup>
    <Filter Include="Collections">
      <UniqueIdentifier>{04E49EB1-7099-17A7-F98D-117E65420EAB}</UniqueIdentifier>
    </Filter>
    <Filter Include="Core">
      <UniqueIdentifier>{2EB4837C-1AEB-840D-C3D7-6A10AFED000F}</UniqueIdentifier>
    </Filter>
    <Filter Include="EngineUI">
      <UniqueIdentifier>{D935E534-C502-4040-EE1B-2EE8DA4775CE}</UniqueIdentifier>
    </Filter>
    <Filter Include="GameFramework">
      <UniqueIdentifier>{CD9F039D-3960-7FD3-029B-C8506E1AC4AF}</UniqueIdentifier>
    </Filter>
    <Filter Include="Graphics">
      <UniqueIdentifier>{1653CE33-0220-293F-2B39-17E717655ECD}</UniqueIdentifier>
    </Filter>
    <Filter Include="Graphics\Renderer">
      <UniqueIdentifier>{7C6F0F98-E885-0D2E-31FD-984F9D52DEB5}</UniqueIdentifier>
    </Filter>
    <Filter Include="Graphics\Vulkan">
      <UniqueIdentifier>{D64BCAB8-42D7-377D-4BE8-BA71B7F2937D}</UniqueIdentifier>
    </Filter>
    <Filter Include="Input">
      <UniqueIdentifier>{953A660D-014F-8EBE-CAD0-311E36A48AEF}</UniqueIdentifier>
    </Filter>
    <Filter Include="Scene">
      <UniqueIdentifier>{B3F7140E-1F0C-3DBF-E88D-E01E546139F0}</UniqueIdentifier>
    </Filter>
    <Filter Include="Utilities">
      <UniqueIdentifier>{010A8043-6D74-34BA-B6B2-E55F225C120F}</UniqueIdentifier>
    </Filter>
    <Filter Include="Utilities\FileSystem">
      <UniqueIdentifier>{7509F7F8-6198-80C2-0AB7-94BDF6249168}</UniqueIdentifier>
    </Filter>
    <Filter Include="Utilities\Log">
      <UniqueIdentifier>{523AA2B8-BEFA-1DEF-8735-676CF3B462CB}</UniqueIdentifier>
    </Filter>
    <Filter Include="Utilities\Math">
      <UniqueIdentifier>{7AD7E9CC-66A5-DDD2-4F39-4EF93BA6B937}</UniqueIdentifier>
    </Filter>
    <Filter Include="Vendor">
      <UniqueIdentifier>{935FDCD7-7F01-07AE-68BC-1A0254FD8DFE}</UniqueIdentifier>
    </Filter>
    <Filter Include="Vendor\Vulkan">
      <UniqueIdentifier>{B3C937F3-1F8A-B329-E8C4-FCA65444F805}</UniqueIdentifier>
    </Filter>
    <Filter Include="Vendor\Vulkan\Include">
      <UniqueIdentifier>{065C39BD-72C8-F4B7-3BBC-8C15A7E71620}</UniqueIdentifier>
    </Filter>
    <Filter Include="Vendor\Vulkan\Include\dxc">
      <UniqueIdentifier>{146E0F33-8030-43BD-C9E0-D14935E21B9B}</UniqueIdentifier>
    </Filter>
    <Filter Include="Vendor\Vulkan\Include\glslang">
      <UniqueIdentifier>{FD92CFB6-69AB-B6E0-3258-467A9E2F4B7A}</UniqueIdentifier>
    </Filter>
    <Filter Include="Vendor\Vulkan\Include\glslang\Include">
      <UniqueIdentifier>{50CF8288-BC93-8178-85F9-B142F17C1DAE}</UniqueIdentifier>
    </Filter>
    <Filter Include="Vendor\Vulkan\Include\glslang\MachineIndependent">
      <UniqueIdentifier>{AF82502C-9B2B-B85B-C4C1-D3DAB0C9D29C}</UniqueIdentifier>
    </Filter>
    <Filter Include="Vendor\Vulkan\Include\glslang\Public">
      <UniqueIdentifier>{8B577105-773E-33FD-208F-991A0C55AC63}</UniqueIdentifier>
    </Filter>
    <Filter Include="Vendor\Vulkan\Include\glslang\SPIRV">
      <UniqueIdentifier>{E0A3B093-4C5D-1B3E-D5BC-35184175D1AD}</UniqueIdentifier>
    </Filter>
    <Filter Include="Vendor\Vulkan\Include\shaderc">
      <UniqueIdentifier>{EFBEEB47-5BD7-D271-2484-620B905B670B}</UniqueIdentifier>
    </Filter>
    <Filter Include="Vendor\Vulkan\Include\slang">
      <UniqueIdentifier>{2A24AC35-9631-DA1B-1F18-D6068B24A6D2}</UniqueIdentifier>
    </Filter>
    <Filter Include="Vendor\Vulkan\Include\spirv-headers">
      <UniqueIdentifier>{52AE0A50-BE67-75FA-47C7-8FD4B37F2B6A}</UniqueIdentifier>
    </Filter>
    <Filter Include="Vendor\Vulkan\Include\spirv-tools">
      <UniqueIdentifier>{67CE6DF1-D33C-C370-1C26-7E7088D3B80C}</UniqueIdentifier>
    </Filter>
    <Filter Include="Vendor\Vulkan\Include\spirv_cross">
      <UniqueIdentifier>{52C3DD64-BE31-33E4-071B-EEE373C82880}</UniqueIdentifier>
    </Filter>
    <Filter Include="Vendor\Vulkan\Include\vk_video">
      <UniqueIdentifier>{2C30B5ED-1856-7F54-019C-0420ED60A420}</UniqueIdentifier>
    </Filter>
    <Filter Include="Vendor\Vulkan\Include\vulkan">
      <UniqueIdentifier>{E6FAD8F2-D2B5-C89E-7B6D-41E96707132F}</UniqueIdentifier>
    </Filter>
    <Filter Include="Vendor\Vulkan\Include\vulkan\utility">
      <UniqueIdentifier>{49D7B31D-35BE-7515-DE0E-DC32CAD4EE7B}</UniqueIdentifier>
    </Filter>
    <Filter Include="Vendor\assimp">
      <UniqueIdentifier>{4F27C00C-BBE7-3B43-8422-85C0F0A1801F}</UniqueIdentifier>
    </Filter>
    <Filter Include="Vendor\assimp\Include">
      <UniqueIdentifier>{A295A30F-0E02-5F0A-D7F5-F66743218172}</UniqueIdentifier>
    </Filter>
    <Filter Include="Vendor\assimp\Include\assimp">
      <UniqueIdentifier>{7E166A99-6AD1-5945-1389-D28FFF22A4D5}</UniqueIdentifier>
    </Filter>
    <Filter Include="Vendor\assimp\Include\assimp\Compiler">
      <UniqueIdentifier>{A8835255-1448-5145-DDAD-810F4931ED7A}</UniqueIdentifier>
    </Filter>
    <Filter Include="Vendor\assimp\Include\assimp\port">
      <UniqueIdentifier>{B2A6A386-1E15-F905-67FE-B305D3ABEEA1}</UniqueIdentifier>
    </Filter>
    <Filter Include="Vendor\assimp\Include\assimp\port\AndroidJNI">
      <UniqueIdentifier>{C37D6A3E-AF90-6A97-587A-4784446C07E5}</UniqueIdentifier>
    </Filter>
    <Filter Include="Vendor\glfw-3.4.WIN64">
      <UniqueIdentifier>{BAA6F67E-2613-B279-EF06-4AD75B32D4E1}</UniqueIdentifier>
    </Filter>
    <Filter Include="Vendor\glfw-3.4.WIN64\include">
      <UniqueIdentifier>{2DE83363-9900-1B8D-62AD-AA26CE84AF26}</UniqueIdentifier>
    </Filter>
    <Filter Include="Vendor\glfw-3.4.WIN64\include\GLFW">
      <UniqueIdentifier>{8CC757F4-7803-5B5E-E115-7355CD700379}</UniqueIdentifier>
    </Filter>
    <Filter Include="Vendor\glm">
      <UniqueIdentifier>{627B7327-4E33-B574-B73A-8ED0A3115065}</UniqueIdentifier>
    </Filter>
    <Filter Include="Vendor\glm\glm">
      <UniqueIdentifier>{B1E6C161-9DB4-B567-8648-268E72B591CC}</UniqueIdentifier>
    </Filter>
    <Filter Include="Vendor\glm\glm\detail">
      <UniqueIdentifier>{534D0150-BFB9-BC4A-88AD-54A8F4D8DEB2}</UniqueIdentifier>
    </Filter>
    <Filter Include="Vendor\glm\glm\simd">
      <UniqueIdentifier>{AD1956C5-197B-33D3-A2E8-79850E496A92}</UniqueIdentifier>
    </Filter>
    <Filter Include="Vendor\imgui">
      <UniqueIdentifier>{3D8F64D2-29F2-F376-D277-2C2DBEB9BFF9}</UniqueIdentifier>
    </Filter>
    <Filter Include="Vendor\stb_image">
      <UniqueIdentifier>{EDE315D3-D9DC-3425-020F-1AAAEE661431}</UniqueIdentifier>
    </Filter>
    <Filter Include="Window">
      <UniqueIdentifier>{3DEA79DA-298C-A4B0-1247-B804FE872B01}</UniqueIdentifier>
    </Filter>
  </ItemGroup>
  <ItemGroup>
    <ClInclude Include="Source\Collections\RDeletionQueue.h">
      <Filter>Collections</Filter>
    </ClInclude>
    <ClInclude Include="Source\Core\Time.h">
      <Filter>Core</Filter>
    </ClInclude>
    <ClInclude Include="Source\Engine.h" />
    <ClInclude Include="Source\EngineUI\EngineUI.h">
      <Filter>EngineUI</Filter>
    </ClInclude>
    <ClInclude Include="Source\GameFramework\Entity.h">
      <Filter>GameFramework</Filter>
    </ClInclude>
    <ClInclude Include="Source\GameFramework\EntityComponent.h">
      <Filter>GameFramework</Filter>
    </ClInclude>
    <ClInclude Include="Source\GameFramework\MeshComponent.h">
      <Filter>GameFramework</Filter>
    </ClInclude>
    <ClInclude Include="Source\GameFramework\MeshRenderSystem.h">
      <Filter>GameFramework</Filter>
    </ClInclude>
    <ClInclude Include="Source\GameFramework\RGame.h">
      <Filter>GameFramework</Filter>
    </ClInclude>
    <ClInclude Include="Source\GameFramework\RObject.h">
      <Filter>GameFramework</Filter>
    </ClInclude>
    <ClInclude Include="Source\GameFramework\Scene.h">
      <Filter>GameFramework</Filter>
    </ClInclude>
    <ClInclude Include="Source\GameFramework\SceneSystem.h">
      <Filter>GameFramework</Filter>
    </ClInclude>
    <ClInclude Include="Source\GameFramework\TransformComponent.h">
      <Filter>GameFramework</Filter>
    </ClInclude>
    <ClInclude Include="Source\Graphics\Mesh.h">
      <Filter>Graphics</Filter>
    </ClInclude>
    <ClInclude Include="Source\Graphics\Renderer\Material.h">
      <Filter>Graphics\Renderer</Filter>
    </ClInclude>
    <ClInclude Include="Source\Graphics\Renderer\RenderObject.h">
      <Filter>Graphics\Renderer</Filter>
    </ClInclude>
    <ClInclude Include="Source\Graphics\Renderer\RenderQueue.h">
      <Filter>Graphics\Renderer</Filter>
    </ClInclude>
    <ClInclude Include="Source\Graphics\Renderer\Renderer.h">
      <Filter>Graphics\Renderer</Filter>
    </ClInclude>
    <ClInclude Include="Source\Graphics\Renderer\RendererConfig.h">
      <Filter>Graphics\Renderer</Filter>
    </ClInclude>
    <ClInclude Include="Source\Graphics\Renderer\Texture.h">
      <Filter>Graphics\Renderer</Filter>
    </ClInclude>
    <ClInclude Include="Source\Graphics\Vulkan\RVulkan.h">
      <Filter>Graphics\Vulkan</Filter>
    </ClInclude>
    <ClInclude Include="Source\Graphics\Vulkan\RVulkanConfig.h">
      <Filter>Graphics\Vulkan</Filter>
    </ClInclude>
    <ClInclude Include="Source\Graphics\Vulkan\vk_mem_alloc.h">
      <Filter>Graphics\Vulkan</Filter>
    </ClInclude>
    <ClInclude Include="Source\Input\RInput.h">
      <Filter>Input</Filter>
    </ClInclude>
    <ClInclude Include="Source\Scene\Camera.h">
      <Filter>Scene</Filter>
    </ClInclude>
    <ClInclude Include="Source\Utilities\FileSystem\FileSystem.h">
      <Filter>Utilities\FileSystem</Filter>
    </ClInclude>
    <ClInclude Include="Source\Utilities\Log\RLog.h">
      <Filter>Utilities\Log</Filter>
    </ClInclude>
    <ClInclude Include="Source\Utilities\Math\RMath.h">
      <Filter>Utilities\Math</Filter>
    </ClInclude>
    <ClInclude Include="Source\Vendor\Vulkan\Include\dxc\WinAdapter.h">
      <Filter>Vendor\Vulkan\Include\dxc</Filter>
    </ClInclude>
    <ClInclude Include="Source\Vendor\Vulkan\Include\dxc\dxcapi.h">
      <Filter>Vendor\Vulkan\Include\dxc</Filter>
    </ClInclude>
    <ClInclude Include="Source\Vendor\Vulkan\Include\glslang\Include\ResourceLimits.h">
      <Filter>Vendor\Vulkan\Include\glslang\Include</Filter>
    </ClInclude>
    <ClInclude Include="Source\Vendor\Vulkan\Include\glslang\Include\glslang_c_interface.h">
      <Filter>Vendor\Vulkan\Include\glslang\Include</Filter>
    </ClInclude>
    <ClInclude Include="Source\Vendor\Vulkan\Include\glslang\Include\glslang_c_shader_types.h">
      <Filter>Vendor\Vulkan\Include\glslang\Include</Filter>
    </ClInclude>
    <ClInclude Include="Source\Vendor\Vulkan\Include\glslang\Include\visibility.h">
      <Filter>Vendor\Vulkan\Include\glslang\Include</Filter>
    </ClInclude>
    <ClInclude Include="Source\Vendor\Vulkan\Include\glslang\MachineIndependent\Versions.h">
      <Filter>Vendor\Vulkan\Include\glslang\MachineIndependent</Filter>
    </ClInclude>
    <ClInclude Include="Source\Vendor\Vulkan\Include\glslang\Public\ResourceLimits.h">
      <Filter>Vendor\Vulkan\Include\glslang\Public</Filter>
    </ClInclude>
    <ClInclude Include="Source\Vendor\Vulkan\Include\glslang\Public\ShaderLang.h">
      <Filter>Vendor\Vulkan\Include\glslang\Public</Filter>
    </ClInclude>
    <ClInclude Include="Source\Vendor\Vulkan\Include\glslang\Public\resource_limits_c.h">
      <Filter>Vendor\Vulkan\Include\glslang\Public</Filter>
    </ClInclude>
    <ClInclude Include="Source\Vendor\Vulkan\Include\glslang\SPIRV\GlslangToSpv.h">
      <Filter>Vendor\Vulkan\Include\glslang\SPIRV</Filter>
    </ClInclude>
    <ClInclude Include="Source\Vendor\Vulkan\Include\glslang\SPIRV\Logger.h">
      <Filter>Vendor\Vulkan\Include\glslang\SPIRV</Filter>
    </ClInclude>
    <ClInclude Include="Source\Vendor\Vulkan\Include\glslang\SPIRV\SPVRemapper.h">
      <Filter>Vendor\Vulkan\Include\glslang\SPIRV</Filter>
    </ClInclude>
    <ClInclude Include="Source\Vendor\Vulkan\Include\glslang\SPIRV\SpvTools.h">
      <Filter>Vendor\Vulkan\Include\glslang\SPIRV</Filter>
    </ClInclude>
    <ClInclude Include="Source\Vendor\Vulkan\Include\glslang\SPIRV\disassemble.h">
      <Filter>Vendor\Vulkan\Include\glslang\SPIRV</Filter>
    </ClInclude>
    <ClInclude Include="Source\Vendor\Vulkan\Include\glslang\build_info.h">
      <Filter>Vendor\Vulkan\Include\glslang</Filter>
    </ClInclude>
    <ClInclude Include="Source\Vendor\Vulkan\Include\shaderc\env.h">
      <Filter>Vendor\Vulkan\Include\shaderc</Filter>
    </ClInclude>
    <ClInclude Include="Source\Vendor\Vulkan\Include\shaderc\shaderc.h">
      <Filter>Vendor\Vulkan\Include\shaderc</Filter>
    </ClInclude>
    <ClInclude Include="Source\Vendor\Vulkan\Include\shaderc\status.h">
      <Filter>Vendor\Vulkan\Include\shaderc</Filter>
    </ClInclude>
    <ClInclude Include="Source\Vendor\Vulkan\Include\shaderc\visibility.h">
      <Filter>Vendor\Vulkan\Include\shaderc</Filter>
    </ClInclude>
    <ClInclude Include="Source\Vendor\Vulkan\Include\slang\slang-com-helper.h">
      <Filter>Vendor\Vulkan\Include\slang</Filter>
    </ClInclude>
    <ClInclude Include="Source\Vendor\Vulkan\Include\slang\slang-com-ptr.h">
      <Filter>Vendor\Vulkan\Include\slang</Filter>
    </ClInclude>
    <ClInclude Include="Source\Vendor\Vulkan\Include\slang\slang-cpp-host-prelude.h">
      <Filter>Vendor\Vulkan\Include\slang</Filter>
    </ClInclude>
    <ClInclude Include="Source\Vendor\Vulkan\Include\slang\slang-cpp-prelude.h">
      <Filter>Vendor\Vulkan\Include\slang</Filter>
    </ClInclude>
    <ClInclude Include="Source\Vendor\Vulkan\Include\slang\slang-cpp-scalar-intrinsics.h">
      <Filter>Vendor\Vulkan\Include\slang</Filter>
    </ClInclude>
    <ClInclude Include="Source\Vendor\Vulkan\Include\slang\slang-cpp-types-core.h">
      <Filter>Vendor\Vulkan\Include\slang</Filter>
    </ClInclude>
    <ClInclude Include="Source\Vendor\Vulkan\Include\slang\slang-cpp-types.h">
      <Filter>Vendor\Vulkan\Include\slang</Filter>
    </ClInclude>
    <ClInclude Include="Source\Vendor\Vulkan\Include\slang\slang-cuda-prelude.h">
      <Filter>Vendor\Vulkan\Include\slang</Filter>
    </ClInclude>
    <ClInclude Include="Source\Vendor\Vulkan\Include\slang\slang-gfx.h">
      <Filter>Vendor\Vulkan\Include\slang</Filter>
    </ClInclude>
    <ClInclude Include="Source\Vendor\Vulkan\Include\slang\slang-hlsl-prelude.h">
      <Filter>Vendor\Vulkan\Include\slang</Filter>
    </ClInclude>
    <ClInclude Include="Source\Vendor\Vulkan\Include\slang\slang-image-format-defs.h">
      <Filter>Vendor\Vulkan\Include\slang</Filter>
    </ClInclude>
    <ClInclude Include="Source\Vendor\Vulkan\Include\slang\slang-llvm.h">
      <Filter>Vendor\Vulkan\Include\slang</Filter>
    </ClInclude>
    <ClInclude Include="Source\Vendor\Vulkan\Include\slang\slang-tag-version.h">
      <Filter>Vendor\Vulkan\Include\slang</Filter>
    </ClInclude>
    <ClInclude Include="Source\Vendor\Vulkan\Include\slang\slang-torch-prelude.h">
      <Filter>Vendor\Vulkan\Include\slang</Filter>
    </ClInclude>
    <ClInclude Include="Source\Vendor\Vulkan\Include\slang\slang.h">
      <Filter>Vendor\Vulkan\Include\slang</Filter>
    </ClInclude>
    <ClInclude Include="Source\Vendor\Vulkan\Include\spirv-headers\AMD_gcn_shader.h">
      <Filter>Vendor\Vulkan\Include\spirv-headers</Filter>
    </ClInclude>
    <ClInclude Include="Source\Vendor\Vulkan\Include\spirv-headers\AMD_shader_ballot.h">
      <Filter>Vendor\Vulkan\Include\spirv-headers</Filter>
    </ClInclude>
    <ClInclude Include="Source\Vendor\Vulkan\Include\spirv-headers\AMD_shader_explicit_vertex_parameter.h">
      <Filter>Vendor\Vulkan\Include\spirv-headers</Filter>
    </ClInclude>
    <ClInclude Include="Source\Vendor\Vulkan\Include\spirv-headers\AMD_shader_trinary_minmax.h">
      <Filter>Vendor\Vulkan\Include\spirv-headers</Filter>
    </ClInclude>
    <ClInclude Include="Source\Vendor\Vulkan\Include\spirv-headers\DebugInfo.h">
      <Filter>Vendor\Vulkan\Include\spirv-headers</Filter>
    </ClInclude>
    <ClInclude Include="Source\Vendor\Vulkan\Include\spirv-headers\GLSL.std.450.h">
      <Filter>Vendor\Vulkan\Include\spirv-headers</Filter>
    </ClInclude>
    <ClInclude Include="Source\Vendor\Vulkan\Include\spirv-headers\NonSemanticClspvReflection.h">
      <Filter>Vendor\Vulkan\Include\spirv-headers</Filter>
    </ClInclude>
    <ClInclude Include="Source\Vendor\Vulkan\Include\spirv-headers\NonSemanticDebugBreak.h">
      <Filter>Vendor\Vulkan\Include\spirv-headers</Filter>
    </ClInclude>
    <ClInclude Include="Source\Vendor\Vulkan\Include\spirv-headers\NonSemanticDebugPrintf.h">
      <Filter>Vendor\Vulkan\Include\spirv-headers</Filter>
    </ClInclude>
    <ClInclude Include="Source\Vendor\Vulkan\Include\spirv-headers\NonSemanticShaderDebugInfo100.h">
      <Filter>Vendor\Vulkan\Include\spirv-headers</Filter>
    </ClInclude>
    <ClInclude Include="Source\Vendor\Vulkan\Include\spirv-headers\NonSemanticVkspReflection.h">
      <Filter>Vendor\Vulkan\Include\spirv-headers</Filter>
    </ClInclude>
    <ClInclude Include="Source\Vendor\Vulkan\Include\spirv-headers\OpenCL.std.h">
      <Filter>Vendor\Vulkan\Include\spirv-headers</Filter>
    </ClInclude>
    <ClInclude Include="Source\Vendor\Vulkan\Include\spirv-headers\OpenCLDebugInfo100.h">
      <Filter>Vendor\Vulkan\Include\spirv-headers</Filter>
    </ClInclude>
    <ClInclude Include="Source\Vendor\Vulkan\Include\spirv-headers\spirv.h">
      <Filter>Vendor\Vulkan\Include\spirv-headers</Filter>
    </ClInclude>
    <ClInclude Include="Source\Vendor\Vulkan\Include\spirv-tools\libspirv.h">
      <Filter>Vendor\Vulkan\Include\spirv-tools</Filter>
    </ClInclude>
    <ClInclude Include="Source\Vendor\Vulkan\Include\spirv_cross\GLSL.std.450.h">
      <Filter>Vendor\Vulkan\Include\spirv_cross</Filter>
    </ClInclude>
    <ClInclude Include="Source\Vendor\Vulkan\Include\spirv_cross\spirv.h">
      <Filter>Vendor\Vulkan\Include\spirv_cross</Filter>
    </ClInclude>
    <ClInclude Include="Source\Vendor\Vulkan\Include\spirv_cross\spirv_cross_c.h">
      <Filter>Vendor\Vulkan\Include\spirv_cross</Filter>
    </ClInclude>
    <ClInclude Include="Source\Vendor\Vulkan\Include\vk_video\vulkan_video_codec_av1std.h">
      <Filter>Vendor\Vulkan\Include\vk_video</Filter>
    </ClInclude>
    <ClInclude Include="Source\Vendor\Vulkan\Include\vk_video\vulkan_video_codec_av1std_decode.h">
      <Filter>Vendor\Vulkan\Include\vk_video</Filter>
    </ClInclude>
    <ClInclude Include="Source\Vendor\Vulkan\Include\vk_video\vulkan_video_codec_h264std.h">
      <Filter>Vendor\Vulkan\Include\vk_video</Filter>
    </ClInclude>
    <ClInclude Include="Source\Vendor\Vulkan\Include\vk_video\vulkan_video_codec_h264std_decode.h">
      <Filter>Vendor\Vulkan\Include\vk_video</Filter>
    </ClInclude>
    <ClInclude Include="Source\Vendor\Vulkan\Include\vk_video\vulkan_video_codec_h264std_encode.h">
      <Filter>Vendor\Vulkan\Include\vk_video</Filter>
    </ClInclude>
    <ClInclude Include="Source\Vendor\Vulkan\Include\vk_video\vulkan_video_codec_h265std.h">
      <Filter>Vendor\Vulkan\Include\vk_video</Filter>
    </ClInclude>
    <ClInclude Include="Source\Vendor\Vulkan\Include\vk_video\vulkan_video_codec_h265std_decode.h">
      <Filter>Vendor\Vulkan\Include\vk_video</Filter>
    </ClInclude>
    <ClInclude Include="Source\Vendor\Vulkan\Include\vk_video\vulkan_video_codec_h265std_encode.h">
      <Filter>Vendor\Vulkan\Include\vk_video</Filter>
    </ClInclude>
    <ClInclude Include="Source\Vendor\Vulkan\Include\vk_video\vulkan_video_codecs_common.h">
      <Filter>Vendor\Vulkan\Include\vk_video</Filter>
    </ClInclude>
    <ClInclude Include="Source\Vendor\Vulkan\Include\vulkan\utility\vk_format_utils.h">
      <Filter>Vendor\Vulkan\Include\vulkan\utility</Filter>
    </ClInclude>
    <ClInclude Include="Source\Vendor\Vulkan\Include\vulkan\vk_enum_string_helper.h">
      <Filter>Vendor\Vulkan\Include\vulkan</Filter>
    </ClInclude>
    <ClInclude Include="Source\Vendor\Vulkan\Include\vulkan\vk_icd.h">
      <Filter>Vendor\Vulkan\Include\vulkan</Filter>
    </ClInclude>
    <ClInclude Include="Source\Vendor\Vulkan\Include\vulkan\vk_layer.h">
      <Filter>Vendor\Vulkan\Include\vulkan</Filter>
    </ClInclude>
    <ClInclude Include="Source\Vendor\Vulkan\Include\vulkan\vk_platform.h">
      <Filter>Vendor\Vulkan\Include\vulkan</Filter>
    </ClInclude>
    <ClInclude Include="Source\Vendor\Vulkan\Include\vulkan\vulkan.h">
      <Filter>Vendor\Vulkan\Include\vulkan</Filter>
    </ClInclude>
    <ClInclude Include="Source\Vendor\Vulkan\Include\vulkan\vulkan_android.h">
      <Filter>Vendor\Vulkan\Include\vulkan</Filter>
    </ClInclude>
    <ClInclude Include="Source\Vendor\Vulkan\Include\vulkan\vulkan_beta.h">
      <Filter>Vendor\Vulkan\Include\vulkan</Filter>
    </ClInclude>
    <ClInclude Include="Source\Vendor\Vulkan\Include\vulkan\vulkan_core.h">
      <Filter>Vendor\Vulkan\Include\vulkan</Filter>
    </ClInclude>
    <ClInclude Include="Source\Vendor\Vulkan\Include\vulkan\vulkan_directfb.h">
      <Filter>Vendor\Vulkan\Include\vulkan</Filter>
    </ClInclude>
    <ClInclude Include="Source\Vendor\Vulkan\Include\vulkan\vulkan_fuchsia.h">
      <Filter>Vendor\Vulkan\Include\vulkan</Filter>
    </ClInclude>
    <ClInclude Include="Source\Vendor\Vulkan\Include\vulkan\vulkan_ggp.h">
      <Filter>Vendor\Vulkan\Include\vulkan</Filter>
    </ClInclude>
    <ClInclude Include="Source\Vendor\Vulkan\Include\vulkan\vulkan_ios.h">
      <Filter>Vendor\Vulkan\Include\vulkan</Filter>
    </ClInclude>
    <ClInclude Include="Source\Vendor\Vulkan\Include\vulkan\vulkan_macos.h">
      <Filter>Vendor\Vulkan\Include\vulkan</Filter>
    </ClInclude>
    <ClInclude Include="Source\Vendor\Vulkan\Include\vulkan\vulkan_metal.h">
      <Filter>Vendor\Vulkan\Include\vulkan</Filter>
    </ClInclude>
    <ClInclude Include="Source\Vendor\Vulkan\Include\vulkan\vulkan_screen.h">
      <Filter>Vendor\Vulkan\Include\vulkan</Filter>
    </ClInclude>
    <ClInclude Include="Source\Vendor\Vulkan\Include\vulkan\vulkan_vi.h">
      <Filter>Vendor\Vulkan\Include\vulkan</Filter>
    </ClInclude>
    <ClInclude Include="Source\Vendor\Vulkan\Include\vulkan\vulkan_wayland.h">
      <Filter>Vendor\Vulkan\Include\vulkan</Filter>
    </ClInclude>
    <ClInclude Include="Source\Vendor\Vulkan\Include\vulkan\vulkan_win32.h">
      <Filter>Vendor\Vulkan\Include\vulkan</Filter>
    </ClInclude>
    <ClInclude Include="Source\Vendor\Vulkan\Include\vulkan\vulkan_xcb.h">
      <Filter>Vendor\Vulkan\Include\vulkan</Filter>
    </ClInclude>
    <ClInclude Include="Source\Vendor\Vulkan\Include\vulkan\vulkan_xlib.h">
      <Filter>Vendor\Vulkan\Include\vulkan</Filter>
    </ClInclude>
    <ClInclude Include="Source\Vendor\Vulkan\Include\vulkan\vulkan_xlib_xrandr.h">
      <Filter>Vendor\Vulkan\Include\vulkan</Filter>
    </ClInclude>
    <ClInclude Include="Source\Vendor\assimp\Include\assimp\AssertHandler.h">
      <Filter>Vendor\assimp\Include\assimp</Filter>
    </ClInclude>
    <ClInclude Include="Source\Vendor\assimp\Include\assimp\BaseImporter.h">
      <Filter>Vendor\assimp\Include\assimp</Filter>
    </ClInclude>
    <ClInclude Include="Source\Vendor\assimp\Include\assimp\Bitmap.h">
      <Filter>Vendor\assimp\Include\assimp</Filter>
    </ClInclude>
    <ClInclude Include="Source\Vendor\assimp\Include\assimp\BlobIOSystem.h">
      <Filter>Vendor\assimp\Include\assimp</Filter>
    </ClInclude>
    <ClInclude Include="Source\Vendor\assimp\Include\assimp\ByteSwapper.h">
      <Filter>Vendor\assimp\Include\assimp</Filter>
    </ClInclude>
    <ClInclude Include="Source\Vendor\assimp\Include\assimp\ColladaMetaData.h">
      <Filter>Vendor\assimp\Include\assimp</Filter>
    </ClInclude>
    <ClInclude Include="Source\Vendor\assimp\Include\assimp\Compiler\poppack1.h">
      <Filter>Vendor\assimp\Include\assimp\Compiler</Filter>
    </ClInclude>
    <ClInclude Include="Source\Vendor\assimp\Include\assimp\Compiler\pstdint.h">
      <Filter>Vendor\assimp\Include\assimp\Compiler</Filter>
    </ClInclude>
    <ClInclude Include="Source\Vendor\assimp\Include\assimp\Compiler\pushpack1.h">
      <Filter>Vendor\assimp\Include\assimp\Compiler</Filter>
    </ClInclude>
    <ClInclude Include="Source\Vendor\assimp\Include\assimp\CreateAnimMesh.h">
      <Filter>Vendor\assimp\Include\assimp</Filter>
    </ClInclude>
    <ClInclude Include="Source\Vendor\assimp\Include\assimp\DefaultIOStream.h">
      <Filter>Vendor\assimp\Include\assimp</Filter>
    </ClInclude>
    <ClInclude Include="Source\Vendor\assimp\Include\assimp\DefaultIOSystem.h">
      <Filter>Vendor\assimp\Include\assimp</Filter>
    </ClInclude>
    <ClInclude Include="Source\Vendor\assimp\Include\assimp\Exceptional.h">
      <Filter>Vendor\assimp\Include\assimp</Filter>
    </ClInclude>
    <ClInclude Include="Source\Vendor\assimp\Include\assimp\GenericProperty.h">
      <Filter>Vendor\assimp\Include\assimp</Filter>
    </ClInclude>
    <ClInclude Include="Source\Vendor\assimp\Include\assimp\GltfMaterial.h">
      <Filter>Vendor\assimp\Include\assimp</Filter>
    </ClInclude>
    <ClInclude Include="Source\Vendor\assimp\Include\assimp\Hash.h">
      <Filter>Vendor\assimp\Include\assimp</Filter>
    </ClInclude>
    <ClInclude Include="Source\Vendor\assimp\Include\assimp\IOStreamBuffer.h">
      <Filter>Vendor\assimp\Include\assimp</Filter>
    </ClInclude>
    <ClInclude Include="Source\Vendor\assimp\Include\assimp\LineSplitter.h">
      <Filter>Vendor\assimp\Include\assimp</Filter>
    </ClInclude>
    <ClInclude Include="Source\Vendor\assimp\Include\assimp\LogAux.h">
      <Filter>Vendor\assimp\Include\assimp</Filter>
    </ClInclude>
    <ClInclude Include="Source\Vendor\assimp\Include\assimp\MathFunctions.h">
      <Filter>Vendor\assimp\Include\assimp</Filter>
    </ClInclude>
    <ClInclude Include="Source\Vendor\assimp\Include\assimp\MemoryIOWrapper.h">
      <Filter>Vendor\assimp\Include\assimp</Filter>
    </ClInclude>
    <ClInclude Include="Source\Vendor\assimp\Include\assimp\ObjMaterial.h">
      <Filter>Vendor\assimp\Include\assimp</Filter>
    </ClInclude>
    <ClInclude Include="Source\Vendor\assimp\Include\assimp\ParsingUtils.h">
      <Filter>Vendor\assimp\Include\assimp</Filter>
    </ClInclude>
    <ClInclude Include="Source\Vendor\assimp\Include\assimp\Profiler.h">
      <Filter>Vendor\assimp\Include\assimp</Filter>
    </ClInclude>
    <ClInclude Include="Source\Vendor\assimp\Include\assimp\RemoveComments.h">
      <Filter>Vendor\assimp\Include\assimp</Filter>
    </ClInclude>
    <ClInclude Include="Source\Vendor\assimp\Include\assimp\SGSpatialSort.h">
      <Filter>Vendor\assimp\Include\assimp</Filter>
    </ClInclude>
    <ClInclude Include="Source\Vendor\assimp\Include\assimp\SceneCombiner.h">
      <Filter>Vendor\assimp\Include\assimp</Filter>
    </ClInclude>
    <ClInclude Include="Source\Vendor\assimp\Include\assimp\SkeletonMeshBuilder.h">
      <Filter>Vendor\assimp\Include\assimp</Filter>
    </ClInclude>
    <ClInclude Include="Source\Vendor\assimp\Include\assimp\SmallVector.h">
      <Filter>Vendor\assimp\Include\assimp</Filter>
    </ClInclude>
    <ClInclude Include="Source\Vendor\assimp\Include\assimp\SmoothingGroups.h">
      <Filter>Vendor\assimp\Include\assimp</Filter>
    </ClInclude>
    <ClInclude Include="Source\Vendor\assimp\Include\assimp\SpatialSort.h">
      <Filter>Vendor\assimp\Include\assimp</Filter>
    </ClInclude>
    <ClInclude Include="Source\Vendor\assimp\Include\assimp\StandardShapes.h">
      <Filter>Vendor\assimp\Include\assimp</Filter>
    </ClInclude>
    <ClInclude Include="Source\Vendor\assimp\Include\assimp\StreamReader.h">
      <Filter>Vendor\assimp\Include\assimp</Filter>
    </ClInclude>
    <ClInclude Include="Source\Vendor\assimp\Include\assimp\StreamWriter.h">
      <Filter>Vendor\assimp\Include\assimp</Filter>
    </ClInclude>
    <ClInclude Include="Source\Vendor\assimp\Include\assimp\StringComparison.h">
      <Filter>Vendor\assimp\Include\assimp</Filter>
    </ClInclude>
    <ClInclude Include="Source\Vendor\assimp\Include\assimp\StringUtils.h">
      <Filter>Vendor\assimp\Include\assimp</Filter>
    </ClInclude>
    <ClInclude Include="Source\Vendor\assimp\Include\assimp\Subdivision.h">
      <Filter>Vendor\assimp\Include\assimp</Filter>
    </ClInclude>
    <ClInclude Include="Source\Vendor\assimp\Include\assimp\TinyFormatter.h">
      <Filter>Vendor\assimp\Include\assimp</Filter>
    </ClInclude>
    <ClInclude Include="Source\Vendor\assimp\Include\assimp\Vertex.h">
      <Filter>Vendor\assimp\Include\assimp</Filter>
    </ClInclude>
    <ClInclude Include="Source\Vendor\assimp\Include\assimp\XMLTools.h">
      <Filter>Vendor\assimp\Include\assimp</Filter>
    </ClInclude>
    <ClInclude Include="Source\Vendor\assimp\Include\assimp\XmlParser.h">
      <Filter>Vendor\assimp\Include\assimp</Filter>
    </ClInclude>
    <ClInclude Include="Source\Vendor\assimp\Include\assimp\ZipArchiveIOSystem.h">
      <Filter>Vendor\assimp\Include\assimp</Filter>
    </ClInclude>
    <ClInclude Include="Source\Vendor\assimp\Include\assimp\aabb.h">
      <Filter>Vendor\assimp\Include\assimp</Filter>
    </ClInclude>
    <ClInclude Include="Source\Vendor\assimp\Include\assimp\ai_assert.h">
      <Filter>Vendor\assimp\Include\assimp</Filter>
    </ClInclude>
    <ClInclude Include="Source\Vendor\assimp\Include\assimp\anim.h">
      <Filter>Vendor\assimp\Include\assimp</Filter>
    </ClInclude>
    <ClInclude Include="Source\Vendor\assimp\Include\assimp\camera.h">
      <Filter>Vendor\assimp\Include\assimp</Filter>
    </ClInclude>
    <ClInclude Include="Source\Vendor\assimp\Include\assimp\cexport.h">
      <Filter>Vendor\assimp\Include\assimp</Filter>
    </ClInclude>
    <ClInclude Include="Source\Vendor\assimp\Include\assimp\cfileio.h">
      <Filter>Vendor\assimp\Include\assimp</Filter>
    </ClInclude>
    <ClInclude Include="Source\Vendor\assimp\Include\assimp\cimport.h">
      <Filter>Vendor\assimp\Include\assimp</Filter>
    </ClInclude>
    <ClInclude Include="Source\Vendor\assimp\Include\assimp\color4.h">
      <Filter>Vendor\assimp\Include\assimp</Filter>
    </ClInclude>
    <ClInclude Include="Source\Vendor\assimp\Include\assimp\commonMetaData.h">
      <Filter>Vendor\assimp\Include\assimp</Filter>
    </ClInclude>
    <ClInclude Include="Source\Vendor\assimp\Include\assimp\config.h">
      <Filter>Vendor\assimp\Include\assimp</Filter>
    </ClInclude>
    <ClInclude Include="Source\Vendor\assimp\Include\assimp\defs.h">
      <Filter>Vendor\assimp\Include\assimp</Filter>
    </ClInclude>
    <ClInclude Include="Source\Vendor\assimp\Include\assimp\fast_atof.h">
      <Filter>Vendor\assimp\Include\assimp</Filter>
    </ClInclude>
    <ClInclude Include="Source\Vendor\assimp\Include\assimp\importerdesc.h">
      <Filter>Vendor\assimp\Include\assimp</Filter>
    </ClInclude>
    <ClInclude Include="Source\Vendor\assimp\Include\assimp\light.h">
      <Filter>Vendor\assimp\Include\assimp</Filter>
    </ClInclude>
    <ClInclude Include="Source\Vendor\assimp\Include\assimp\material.h">
      <Filter>Vendor\assimp\Include\assimp</Filter>
    </ClInclude>
    <ClInclude Include="Source\Vendor\assimp\Include\assimp\matrix3x3.h">
      <Filter>Vendor\assimp\Include\assimp</Filter>
    </ClInclude>
    <ClInclude Include="Source\Vendor\assimp\Include\assimp\matrix4x4.h">
      <Filter>Vendor\assimp\Include\assimp</Filter>
    </ClInclude>
    <ClInclude Include="Source\Vendor\assimp\Include\assimp\mesh.h">
      <Filter>Vendor\assimp\Include\assimp</Filter>
    </ClInclude>
    <ClInclude Include="Source\Vendor\assimp\Include\assimp\metadata.h">
      <Filter>Vendor\assimp\Include\assimp</Filter>
    </ClInclude>
    <ClInclude Include="Source\Vendor\assimp\Include\assimp\pbrmaterial.h">
      <Filter>Vendor\assimp\Include\assimp</Filter>
    </ClInclude>
    <ClInclude Include="Source\Vendor\assimp\Include\assimp\port\AndroidJNI\AndroidJNIIOSystem.h">
      <Filter>Vendor\assimp\Include\assimp\port\AndroidJNI</Filter>
    </ClInclude>
    <ClInclude Include="Source\Vendor\assimp\Include\assimp\port\AndroidJNI\BundledAssetIOSystem.h">
      <Filter>Vendor\assimp\Include\assimp\port\AndroidJNI</Filter>
    </ClInclude>
    <ClInclude Include="Source\Vendor\assimp\Include\assimp\postprocess.h">
      <Filter>Vendor\assimp\Include\assimp</Filter>
    </ClInclude>
    <ClInclude Include="Source\Vendor\assimp\Include\assimp\qnan.h">
      <Filter>Vendor\assimp\Include\assimp</Filter>
    </ClInclude>
    <ClInclude Include="Source\Vendor\assimp\Include\assimp\quaternion.h">
      <Filter>Vendor\assimp\Include\assimp</Filter>
    </ClInclude>
    <ClInclude Include="Source\Vendor\assimp\Include\assimp\revision.h">
      <Filter>Vendor\assimp\Include\assimp</Filter>
    </ClInclude>
    <ClInclude Include="Source\Vendor\assimp\Include\assimp\scene.h">
      <Filter>Vendor\assimp\Include\assimp</Filter>
    </ClInclude>
    <ClInclude Include="Source\Vendor\assimp\Include\assimp\texture.h">
      <Filter>Vendor\assimp\Include\assimp</Filter>
    </ClInclude>
    <ClInclude Include="Source\Vendor\assimp\Include\assimp\types.h">
      <Filter>Vendor\assimp\Include\assimp</Filter>
    </ClInclude>
    <ClInclude Include="Source\Vendor\assimp\Include\assimp\vector2.h">
      <Filter>Vendor\assimp\Include\assimp</Filter>
    </ClInclude>
    <ClInclude Include="Source\Vendor\assimp\Include\assimp\vector3.h">
      <Filter>Vendor\assimp\Include\assimp</Filter>
    </ClInclude>
    <ClInclude Include="Source\Vendor\assimp\Include\assimp\version.h">
      <Filter>Vendor\assimp\Include\assimp</Filter>
    </ClInclude>
    <ClInclude Include="Source\Vendor\glfw-3.4.WIN64\include\GLFW\glfw3.h">
      <Filter>Vendor\glfw-3.4.WIN64\include\GLFW</Filter>
    </ClInclude>
    <ClInclude Include="Source\Vendor\glfw-3.4.WIN64\include\GLFW\glfw3native.h">
      <Filter>Vendor\glfw-3.4.WIN64\include\GLFW</Filter>
    </ClInclude>
    <ClInclude Include="Source\Vendor\glm\glm\simd\common.h">
      <Filter>Vendor\glm\glm\simd</Filter>
    </ClInclude>
    <ClInclude Include="Source\Vendor\glm\glm\simd\exponential.h">
      <Filter>Vendor\glm\glm\simd</Filter>
    </ClInclude>
    <ClInclude Include="Source\Vendor\glm\glm\simd\geometric.h">
      <Filter>Vendor\glm\glm\simd</Filter>
    </ClInclude>
    <ClInclude Include="Source\Vendor\glm\glm\simd\integer.h">
      <Filter>Vendor\glm\glm\simd</Filter>
    </ClInclude>
    <ClInclude Include="Source\Vendor\glm\glm\simd\matrix.h">
      <Filter>Vendor\glm\glm\simd</Filter>
    </ClInclude>
    <ClInclude Include="Source\Vendor\glm\glm\simd\neon.h">
      <Filter>Vendor\glm\glm\simd</Filter>
    </ClInclude>
    <ClInclude Include="Source\Vendor\glm\glm\simd\packing.h">
      <Filter>Vendor\glm\glm\simd</Filter>
    </ClInclude>
    <ClInclude Include="Source\Vendor\glm\glm\simd\platform.h">
      <Filter>Vendor\glm\glm\simd</Filter>
    </ClInclude>
    <ClInclude Include="Source\Vendor\glm\glm\simd\trigonometric.h">
      <Filter>Vendor\glm\glm\simd</Filter>
    </ClInclude>
    <ClInclude Include="Source\Vendor\glm\glm\simd\vector_relational.h">
      <Filter>Vendor\glm\glm\simd</Filter>
    </ClInclude>
    <ClInclude Include="Source\Vendor\imgui\imconfig.h">
      <Filter>Vendor\imgui</Filter>
    </ClInclude>
    <ClInclude Include="Source\Vendor\imgui\imgui.h">
      <Filter>Vendor\imgui</Filter>
    </ClInclude>
    <ClInclude Include="Source\Vendor\imgui\imgui_impl_glfw.h">
      <Filter>Vendor\imgui</Filter>
    </ClInclude>
    <ClInclude Include="Source\Vendor\imgui\imgui_impl_vulkan.h">
      <Filter>Vendor\imgui</Filter>
    </ClInclude>
    <ClInclude Include="Source\Vendor\imgui\imgui_internal.h">
      <Filter>Vendor\imgui</Filter>
    </ClInclude>
    <ClInclude Include="Source\Vendor\imgui\imstb_rectpack.h">
      <Filter>Vendor\imgui</Filter>
    </ClInclude>
    <ClInclude Include="Source\Vendor\imgui\imstb_textedit.h">
      <Filter>Vendor\imgui</Filter>
    </ClInclude>
    <ClInclude Include="Source\Vendor\imgui\imstb_truetype.h">
      <Filter>Vendor\imgui</Filter>
    </ClInclude>
    <ClInclude Include="Source\Vendor\stb_image\stb_image.h">
      <Filter>Vendor\stb_image</Filter>
    </ClInclude>
    <ClInclude Include="Source\Window\RWindow.h">
      <Filter>Window</Filter>
    </ClInclude>
  </ItemGroup>
  <ItemGroup>
    <ClCompile Include="Source\Core\Time.cpp">
      <Filter>Core</Filter>
    </ClCompile>
    <ClCompile Include="Source\Engine.cpp" />
    <ClCompile Include="Source\EngineUI\EngineUI.cpp">
      <Filter>EngineUI</Filter>
    </ClCompile>
    <ClCompile Include="Source\GameFramework\MeshRenderSystem.cpp">
      <Filter>GameFramework</Filter>
    </ClCompile>
    <ClCompile Include="Source\GameFramework\RGame.cpp">
      <Filter>GameFramework</Filter>
    </ClCompile>
    <ClCompile Include="Source\GameFramework\RObject.cpp">
      <Filter>GameFramework</Filter>
    </ClCompile>
    <ClCompile Include="Source\GameFramework\Scene.cpp">
      <Filter>GameFramework</Filter>
    </ClCompile>
    <ClCompile Include="Source\GameFramework\SceneSystem.cpp">
      <Filter>GameFramework</Filter>
    </ClCompile>
    <ClCompile Include="Source\Graphics\Renderer\Material.cpp">
      <Filter>Graphics\Renderer</Filter>
    </ClCompile>
    <ClCompile Include="Source\Graphics\Renderer\RenderQueue.cpp">
      <Filter>Graphics\Renderer</Filter>
    </ClCompile>
    <ClCompile Include="Source\Graphics\Renderer\Renderer.cpp">
      <Filter>Graphics\Renderer</Filter>
    </ClCompile>
    <ClCompile Include="Source\Graphics\Vulkan\RVulkan.cpp">
      <Filter>Graphics\Vulkan</Filter>
    </ClCompile>
    <ClCompile Include="Source\Graphics\Vulkan\vk_mem_alloc_config.cpp">
      <Filter>Graphics\Vulkan</Filter>
    </ClCompile>
    <ClCompile Include="Source\Input\RInput.cpp">
      <Filter>Input</Filter>
    </ClCompile>
    <ClCompile Include="Source\Scene\Camera.cpp">
      <Filter>Scene</Filter>
    </ClCompile>
    <ClCompile Include="Source\Utilities\FileSystem\FileSystem.cpp">
      <Filter>Utilities\FileSystem</Filter>
    </ClCompile>
    <ClCompile Include="Source\Utilities\Math\RMath.cpp">
      <Filter>Utilities\Math</Filter>
    </ClCompile>
    <ClCompile Include="Source\Vendor\Vulkan\Include\vulkan\vulkan.cppm">
      <Filter>Vendor\Vulkan\Include\vulkan</Filter>
    </ClCompile>
    <ClCompile Include="Source\Vendor\glm\glm\detail\glm.cpp">
      <Filter>Vendor\glm\glm\detail</Filter>
    </ClCompile>
    <ClCompile Include="Source\Vendor\glm\glm\glm.cppm">
      <Filter>Vendor\glm\glm</Filter>
    </ClCompile>
    <ClCompile Include="Source\Vendor\imgui\imgui.cpp">
      <Filter>Vendor\imgui</Filter>
    </ClCompile>
    <ClCompile Include="Source\Vendor\imgui\imgui_demo.cpp">
      <Filter>Vendor\imgui</Filter>
    </ClCompile>
    <ClCompile Include="Source\Vendor\imgui\imgui_draw.cpp">
      <Filter>Vendor\imgui</Filter>
    </ClCompile>
    <ClCompile Include="Source\Vendor\imgui\imgui_impl_glfw.cpp">
      <Filter>Vendor\imgui</Filter>
    </ClCompile>
    <ClCompile Include="Source\Vendor\imgui\imgui_impl_vulkan.cpp">
      <Filter>Vendor\imgui</Filter>
    </ClCompile>
    <ClCompile Include="Source\Vendor\imgui\imgui_tables.cpp">
      <Filter>Vendor\imgui</Filter>
    </ClCompile>
    <ClCompile Include="Source\Vendor\imgui\imgui_widgets.cpp">
      <Filter>Vendor\imgui</Filter>
    </ClCompile>
    <ClCompile Include="Source\VendorDefines.cpp" />
    <ClCompile Include="Source\Window\RWindow.cpp">
      <Filter>Window</Filter>
    </ClCompile>
  </ItemGroup>
</Project>