<?xml version="1.0" encoding="utf-8"?>
<Project ToolsVersion="4.0" xmlns="http://schemas.microsoft.com/developer/msbuild/2003">
  <ItemGroup>
    <Filter Include="App">
      <UniqueIdentifier>{46D6870B-B2DF-877C-3B5B-9E7CA763937C}</UniqueIdentifier>
    </Filter>
    <Filter Include="Camera">
      <UniqueIdentifier>{CE7141AB-BA13-6C81-A3CE-7FD58F0FF3D1}</UniqueIdentifier>
    </Filter>
    <Filter Include="UI">
      <UniqueIdentifier>{83755900-6F01-880B-D8AF-880BC45A880B}</UniqueIdentifier>
    </Filter>
  </ItemGroup>
  <ItemGroup>
    <ClInclude Include="Source\App\App.h">
      <Filter>App</Filter>
    </ClInclude>
    <ClInclude Include="Source\Camera\EditorCamera.h">
      <Filter>Camera</Filter>
    </ClInclude>
    <ClInclude Include="Source\UI\ActorInspector.h">
      <Filter>UI</Filter>
    </ClInclude>
    <ClInclude Include="Source\UI\DockSpace.h">
      <Filter>UI</Filter>
    </ClInclude>
    <ClInclude Include="Source\UI\LeftSideBar.h">
      <Filter>UI</Filter>
    </ClInclude>
    <ClInclude Include="Source\UI\MainViewport.h">
      <Filter>UI</Filter>
    </ClInclude>
    <ClInclude Include="Source\UI\MenuBar.h">
      <Filter>UI</Filter>
    </ClInclude>
    <ClInclude Include="Source\UI\Panel.h">
      <Filter>UI</Filter>
    </ClInclude>
    <ClInclude Include="Source\UI\SceneOutliner.h">
      <Filter>UI</Filter>
    </ClInclude>
  </ItemGroup>
  <ItemGroup>
    <ClCompile Include="Source\App\App.cpp">
      <Filter>App</Filter>
    </ClCompile>
    <ClCompile Include="Source\Camera\EditorCamera.cpp">
      <Filter>Camera</Filter>
    </ClCompile>
    <ClCompile Include="Source\UI\ActorInspector.cpp">
      <Filter>UI</Filter>
    </ClCompile>
    <ClCompile Include="Source\UI\DockSpace.cpp">
      <Filter>UI</Filter>
    </ClCompile>
    <ClCompile Include="Source\UI\LeftSideBar.cpp">
      <Filter>UI</Filter>
    </ClCompile>
    <ClCompile Include="Source\UI\MainViewport.cpp">
      <Filter>UI</Filter>
    </ClCompile>
    <ClCompile Include="Source\UI\MenuBar.cpp">
      <Filter>UI</Filter>
    </ClCompile>
    <ClCompile Include="Source\UI\Panel.cpp">
      <Filter>UI</Filter>
    </ClCompile>
    <ClCompile Include="Source\UI\SceneOutliner.cpp">
      <Filter>UI</Filter>
    </ClCompile>
    <ClCompile Include="Source\main.cpp" />
  </ItemGroup>
</Project>