
Microsoft Visual Studio Solution File, Format Version 12.00
# Visual Studio Version 17
VisualStudioVersion = 17.9.34728.123
MinimumVisualStudioVersion = 10.0.40219.1
Project("{8BC9CEB8-8B4A-11D0-8D11-00A0C91BC942}") = "Ruya", "Ruya.vcxproj", "{E5C395A2-0509-45BD-B745-054B9E9CE9CB}"
EndProject
Project("{8BC9CEB8-8B4A-11D0-8D11-00A0C91BC942}") = "ProjectB", "..\..\ProjectB\ProjectB\ProjectB.vcxproj", "{2B237720-01BD-4BAB-A9AD-4441B3D5A671}"
EndProject
Global
	GlobalSection(SolutionConfigurationPlatforms) = preSolution
		Debug|Any CPU = Debug|Any CPU
		Debug|x64 = Debug|x64
		Debug|x86 = Debug|x86
		Release|Any CPU = Release|Any CPU
		Release|x64 = Release|x64
		Release|x86 = Release|x86
	EndGlobalSection
	GlobalSection(ProjectConfigurationPlatforms) = postSolution
		{E5C395A2-0509-45BD-B745-054B9E9CE9CB}.Debug|Any CPU.ActiveCfg = Debug|x64
		{E5C395A2-0509-45BD-B745-054B9E9CE9CB}.Debug|Any CPU.Build.0 = Debug|x64
		{E5C395A2-0509-45BD-B745-054B9E9CE9CB}.Debug|x64.ActiveCfg = Debug|x64
		{E5C395A2-0509-45BD-B745-054B9E9CE9CB}.Debug|x64.Build.0 = Debug|x64
		{E5C395A2-0509-45BD-B745-054B9E9CE9CB}.Debug|x86.ActiveCfg = Debug|Win32
		{E5C395A2-0509-45BD-B745-054B9E9CE9CB}.Debug|x86.Build.0 = Debug|Win32
		{E5C395A2-0509-45BD-B745-054B9E9CE9CB}.Release|Any CPU.ActiveCfg = Release|x64
		{E5C395A2-0509-45BD-B745-054B9E9CE9CB}.Release|Any CPU.Build.0 = Release|x64
		{E5C395A2-0509-45BD-B745-054B9E9CE9CB}.Release|x64.ActiveCfg = Release|x64
		{E5C395A2-0509-45BD-B745-054B9E9CE9CB}.Release|x64.Build.0 = Release|x64
		{E5C395A2-0509-45BD-B745-054B9E9CE9CB}.Release|x86.ActiveCfg = Release|Win32
		{E5C395A2-0509-45BD-B745-054B9E9CE9CB}.Release|x86.Build.0 = Release|Win32
		{2B237720-01BD-4BAB-A9AD-4441B3D5A671}.Debug|Any CPU.ActiveCfg = Debug|x64
		{2B237720-01BD-4BAB-A9AD-4441B3D5A671}.Debug|Any CPU.Build.0 = Debug|x64
		{2B237720-01BD-4BAB-A9AD-4441B3D5A671}.Debug|x64.ActiveCfg = Debug|x64
		{2B237720-01BD-4BAB-A9AD-4441B3D5A671}.Debug|x64.Build.0 = Debug|x64
		{2B237720-01BD-4BAB-A9AD-4441B3D5A671}.Debug|x86.ActiveCfg = Debug|Win32
		{2B237720-01BD-4BAB-A9AD-4441B3D5A671}.Debug|x86.Build.0 = Debug|Win32
		{2B237720-01BD-4BAB-A9AD-4441B3D5A671}.Release|Any CPU.ActiveCfg = Release|x64
		{2B237720-01BD-4BAB-A9AD-4441B3D5A671}.Release|Any CPU.Build.0 = Release|x64
		{2B237720-01BD-4BAB-A9AD-4441B3D5A671}.Release|x64.ActiveCfg = Release|x64
		{2B237720-01BD-4BAB-A9AD-4441B3D5A671}.Release|x64.Build.0 = Release|x64
		{2B237720-01BD-4BAB-A9AD-4441B3D5A671}.Release|x86.ActiveCfg = Release|Win32
		{2B237720-01BD-4BAB-A9AD-4441B3D5A671}.Release|x86.Build.0 = Release|Win32
	EndGlobalSection
	GlobalSection(SolutionProperties) = preSolution
		HideSolutionNode = FALSE
	EndGlobalSection
	GlobalSection(ExtensibilityGlobals) = postSolution
		SolutionGuid = {D4BE3200-646A-448A-9779-EE455DFE6427}
	EndGlobalSection
EndGlobal
